
Microsoft Visual Studio Solution File, Format Version 12.00
# Visual Studio Version 16
VisualStudioVersion = 16.0.29123.88
MinimumVisualStudioVersion = 10.0.40219.1
Project("{FAE04EC0-301F-11D3-BF4B-00C04F79EFBC}") = "Metodo constructor y destructor", "Metodo constructor y destructor\Metodo constructor y destructor.csproj", "{B2A3BB70-2B63-4516-A3F5-7F0D9D70E5A7}"
EndProject
Global
	GlobalSection(SolutionConfigurationPlatforms) = preSolution
		Debug|Any CPU = Debug|Any CPU
		Release|Any CPU = Release|Any CPU
	EndGlobalSection
	GlobalSection(ProjectConfigurationPlatforms) = postSolution
		{B2A3BB70-2B63-4516-A3F5-7F0D9D70E5A7}.Debug|Any CPU.ActiveCfg = Debug|Any CPU
		{B2A3BB70-2B63-4516-A3F5-7F0D9D70E5A7}.Debug|Any CPU.Build.0 = Debug|Any CPU
		{B2A3BB70-2B63-4516-A3F5-7F0D9D70E5A7}.Release|Any CPU.ActiveCfg = Release|Any CPU
		{B2A3BB70-2B63-4516-A3F5-7F0D9D70E5A7}.Release|Any CPU.Build.0 = Release|Any CPU
	EndGlobalSection
	GlobalSection(SolutionProperties) = preSolution
		HideSolutionNode = FALSE
	EndGlobalSection
	GlobalSection(ExtensibilityGlobals) = postSolution
		SolutionGuid = {375616FD-421A-4B5C-9219-0169B36C657D}
	EndGlobalSection
EndGlobal
