
Microsoft Visual Studio Solution File, Format Version 12.00
# Visual Studio Version 16
VisualStudioVersion = 16.0.29123.88
MinimumVisualStudioVersion = 10.0.40219.1
Project("{FAE04EC0-301F-11D3-BF4B-00C04F79EFBC}") = "guia de c sharp", "guia de c sharp\guia de c sharp.csproj", "{A1547FFD-5D48-4680-8E25-520544EBFD5B}"
EndProject
Global
	GlobalSection(SolutionConfigurationPlatforms) = preSolution
		Debug|Any CPU = Debug|Any CPU
		Release|Any CPU = Release|Any CPU
	EndGlobalSection
	GlobalSection(ProjectConfigurationPlatforms) = postSolution
		{A1547FFD-5D48-4680-8E25-520544EBFD5B}.Debug|Any CPU.ActiveCfg = Debug|Any CPU
		{A1547FFD-5D48-4680-8E25-520544EBFD5B}.Debug|Any CPU.Build.0 = Debug|Any CPU
		{A1547FFD-5D48-4680-8E25-520544EBFD5B}.Release|Any CPU.ActiveCfg = Release|Any CPU
		{A1547FFD-5D48-4680-8E25-520544EBFD5B}.Release|Any CPU.Build.0 = Release|Any CPU
	EndGlobalSection
	GlobalSection(SolutionProperties) = preSolution
		HideSolutionNode = FALSE
	EndGlobalSection
	GlobalSection(ExtensibilityGlobals) = postSolution
		SolutionGuid = {6971E1F6-E236-48D2-A08D-F5F6E64589EA}
	EndGlobalSection
EndGlobal
